
Microsoft Visual Studio Solution File, Format Version 12.00
# Visual Studio Version 16
VisualStudioVersion = 16.0.30011.22
MinimumVisualStudioVersion = 10.0.40219.1
Project("{FAE04EC0-301F-11D3-BF4B-00C04F79EFBC}") = "Api", "Api\Api.csproj", "{ABC12AEB-5874-47A6-A514-832BB6854BDE}"
EndProject
Global
	GlobalSection(SolutionConfigurationPlatforms) = preSolution
		Debug|Any CPU = Debug|Any CPU
		Release|Any CPU = Release|Any CPU
	EndGlobalSection
	GlobalSection(ProjectConfigurationPlatforms) = postSolution
		{ABC12AEB-5874-47A6-A514-832BB6854BDE}.Debug|Any CPU.ActiveCfg = Debug|Any CPU
		{ABC12AEB-5874-47A6-A514-832BB6854BDE}.Debug|Any CPU.Build.0 = Debug|Any CPU
		{ABC12AEB-5874-47A6-A514-832BB6854BDE}.Release|Any CPU.ActiveCfg = Release|Any CPU
		{ABC12AEB-5874-47A6-A514-832BB6854BDE}.Release|Any CPU.Build.0 = Release|Any CPU
	EndGlobalSection
	GlobalSection(SolutionProperties) = preSolution
		HideSolutionNode = FALSE
	EndGlobalSection
	GlobalSection(ExtensibilityGlobals) = postSolution
		SolutionGuid = {8820474A-F8A3-4D7F-9F4C-67BF259FAB06}
	EndGlobalSection
EndGlobal
